
Microsoft Visual Studio Solution File, Format Version 12.00
# Visual Studio 15
VisualStudioVersion = 15.0.27130.2010
MinimumVisualStudioVersion = 10.0.40219.1
Project("{FAE04EC0-301F-11D3-BF4B-00C04F79EFBC}") = "MegaScope", "MegaScope\MegaScope.csproj", "{FC8F0E13-DFE7-4BF6-A589-902CFA1D5E5A}"
EndProject
Project("{FAE04EC0-301F-11D3-BF4B-00C04F79EFBC}") = "HotkeyLib", "..\Hotkeys\HotkeyLib\HotkeyLib.csproj", "{09823DA8-C587-4363-95F1-CD99F4D0A678}"
EndProject
Global
	GlobalSection(SolutionConfigurationPlatforms) = preSolution
		Debug|Any CPU = Debug|Any CPU
		Release|Any CPU = Release|Any CPU
	EndGlobalSection
	GlobalSection(ProjectConfigurationPlatforms) = postSolution
		{FC8F0E13-DFE7-4BF6-A589-902CFA1D5E5A}.Debug|Any CPU.ActiveCfg = Debug|Any CPU
		{FC8F0E13-DFE7-4BF6-A589-902CFA1D5E5A}.Debug|Any CPU.Build.0 = Debug|Any CPU
		{FC8F0E13-DFE7-4BF6-A589-902CFA1D5E5A}.Release|Any CPU.ActiveCfg = Release|Any CPU
		{FC8F0E13-DFE7-4BF6-A589-902CFA1D5E5A}.Release|Any CPU.Build.0 = Release|Any CPU
		{09823DA8-C587-4363-95F1-CD99F4D0A678}.Debug|Any CPU.ActiveCfg = Debug|Any CPU
		{09823DA8-C587-4363-95F1-CD99F4D0A678}.Debug|Any CPU.Build.0 = Debug|Any CPU
		{09823DA8-C587-4363-95F1-CD99F4D0A678}.Release|Any CPU.ActiveCfg = Release|Any CPU
		{09823DA8-C587-4363-95F1-CD99F4D0A678}.Release|Any CPU.Build.0 = Release|Any CPU
	EndGlobalSection
	GlobalSection(SolutionProperties) = preSolution
		HideSolutionNode = FALSE
	EndGlobalSection
	GlobalSection(ExtensibilityGlobals) = postSolution
		SolutionGuid = {A1808F5F-5342-4C60-B04F-D798366FA15E}
	EndGlobalSection
EndGlobal
